
Microsoft Visual Studio Solution File, Format Version 12.00
# Visual Studio Version 17
VisualStudioVersion = 17.0.31903.59
MinimumVisualStudioVersion = 10.0.40219.1
Project("{FAE04EC0-301F-11D3-BF4B-00C04F79EFBC}") = "koostava_marialintunen", "koostava_marialintunen\koostava_marialintunen.csproj", "{ED7D9200-46AA-4B4B-A029-C83F9A11E207}"
EndProject
Global
	GlobalSection(SolutionConfigurationPlatforms) = preSolution
		Debug|Any CPU = Debug|Any CPU
		Release|Any CPU = Release|Any CPU
	EndGlobalSection
	GlobalSection(ProjectConfigurationPlatforms) = postSolution
		{ED7D9200-46AA-4B4B-A029-C83F9A11E207}.Debug|Any CPU.ActiveCfg = Debug|Any CPU
		{ED7D9200-46AA-4B4B-A029-C83F9A11E207}.Debug|Any CPU.Build.0 = Debug|Any CPU
		{ED7D9200-46AA-4B4B-A029-C83F9A11E207}.Release|Any CPU.ActiveCfg = Release|Any CPU
		{ED7D9200-46AA-4B4B-A029-C83F9A11E207}.Release|Any CPU.Build.0 = Release|Any CPU
	EndGlobalSection
	GlobalSection(SolutionProperties) = preSolution
		HideSolutionNode = FALSE
	EndGlobalSection
	GlobalSection(ExtensibilityGlobals) = postSolution
		SolutionGuid = {7905C655-D517-4937-A64B-16680EF287FB}
	EndGlobalSection
EndGlobal
